// !$*UTF8*$!
{
	archiveVersion = 1;
	classes = {
	};
	objectVersion = 55;
	objects = {

/* Begin PBXBuildFile section */
		251F8536287B4FE7000F64C4 /* Screen9PhotoView.swift in Sources */ = {isa = PBXBuildFile; fileRef = 251F8535287B4FE7000F64C4 /* Screen9PhotoView.swift */; };
		251F8538287BF840000F64C4 /* ImagePicker.swift in Sources */ = {isa = PBXBuildFile; fileRef = 251F8537287BF840000F64C4 /* ImagePicker.swift */; };
		251F853A287BFD04000F64C4 /* Log.swift in Sources */ = {isa = PBXBuildFile; fileRef = 251F8539287BFD04000F64C4 /* Log.swift */; };
		251F853D287FD6AA000F64C4 /* iPhoneNumberField in Frameworks */ = {isa = PBXBuildFile; productRef = 251F853C287FD6AA000F64C4 /* iPhoneNumberField */; };
		251F8543288521EE000F64C4 /* ProfileModal.swift in Sources */ = {isa = PBXBuildFile; fileRef = 251F8542288521EE000F64C4 /* ProfileModal.swift */; };
		251F854528852205000F64C4 /* ProfileModalView.swift in Sources */ = {isa = PBXBuildFile; fileRef = 251F854428852205000F64C4 /* ProfileModalView.swift */; };
		251F8549288545C6000F64C4 /* ProfileView.swift in Sources */ = {isa = PBXBuildFile; fileRef = 251F8548288545C6000F64C4 /* ProfileView.swift */; };
		253A74532877E1920005D7E1 /* jackfruitApp.swift in Sources */ = {isa = PBXBuildFile; fileRef = 253A74522877E1920005D7E1 /* jackfruitApp.swift */; };
		253A74572877E1940005D7E1 /* Assets.xcassets in Resources */ = {isa = PBXBuildFile; fileRef = 253A74562877E1940005D7E1 /* Assets.xcassets */; };
		253A745A2877E1940005D7E1 /* Preview Assets.xcassets in Resources */ = {isa = PBXBuildFile; fileRef = 253A74592877E1940005D7E1 /* Preview Assets.xcassets */; };
		253A74642877E1940005D7E1 /* jackfruitTests.swift in Sources */ = {isa = PBXBuildFile; fileRef = 253A74632877E1940005D7E1 /* jackfruitTests.swift */; };
		253A746E2877E1940005D7E1 /* jackfruitUITests.swift in Sources */ = {isa = PBXBuildFile; fileRef = 253A746D2877E1940005D7E1 /* jackfruitUITests.swift */; };
		253A74702877E1940005D7E1 /* jackfruitUITestsLaunchTests.swift in Sources */ = {isa = PBXBuildFile; fileRef = 253A746F2877E1940005D7E1 /* jackfruitUITestsLaunchTests.swift */; };
		253A747D2877E1C20005D7E1 /* .gitignore in Resources */ = {isa = PBXBuildFile; fileRef = 253A747C2877E1C20005D7E1 /* .gitignore */; };
		253A74802877E2540005D7E1 /* FirebaseAuth in Frameworks */ = {isa = PBXBuildFile; productRef = 253A747F2877E2540005D7E1 /* FirebaseAuth */; };
		253A74822877E2540005D7E1 /* FirebaseFirestore in Frameworks */ = {isa = PBXBuildFile; productRef = 253A74812877E2540005D7E1 /* FirebaseFirestore */; };
		253A74842877E2540005D7E1 /* FirebaseStorage in Frameworks */ = {isa = PBXBuildFile; productRef = 253A74832877E2540005D7E1 /* FirebaseStorage */; };
		253A74872877E2960005D7E1 /* Flow.swift in Sources */ = {isa = PBXBuildFile; fileRef = 253A74862877E2960005D7E1 /* Flow.swift */; };
		253A74892877E2B70005D7E1 /* FlowVM.swift in Sources */ = {isa = PBXBuildFile; fileRef = 253A74882877E2B70005D7E1 /* FlowVM.swift */; };
		253A748B2877E3030005D7E1 /* FlowView.swift in Sources */ = {isa = PBXBuildFile; fileRef = 253A748A2877E3030005D7E1 /* FlowView.swift */; };
		253A748D2877E3250005D7E1 /* Screen1LandingView.swift in Sources */ = {isa = PBXBuildFile; fileRef = 253A748C2877E3250005D7E1 /* Screen1LandingView.swift */; };
		253A748F2877E33E0005D7E1 /* Screen2FirstNameView.swift in Sources */ = {isa = PBXBuildFile; fileRef = 253A748E2877E33E0005D7E1 /* Screen2FirstNameView.swift */; };
		253A74912877E35D0005D7E1 /* Screen3LastNameView.swift in Sources */ = {isa = PBXBuildFile; fileRef = 253A74902877E35D0005D7E1 /* Screen3LastNameView.swift */; };
		253A74932877E36E0005D7E1 /* Screen4NumberView.swift in Sources */ = {isa = PBXBuildFile; fileRef = 253A74922877E36E0005D7E1 /* Screen4NumberView.swift */; };
		253A74952877E38C0005D7E1 /* Screen5VerificationView.swift in Sources */ = {isa = PBXBuildFile; fileRef = 253A74942877E38C0005D7E1 /* Screen5VerificationView.swift */; };
		253A74972877E39D0005D7E1 /* Screen6EmailView.swift in Sources */ = {isa = PBXBuildFile; fileRef = 253A74962877E39D0005D7E1 /* Screen6EmailView.swift */; };
		253A74992877E3C60005D7E1 /* Screen7LocationView.swift in Sources */ = {isa = PBXBuildFile; fileRef = 253A74982877E3C60005D7E1 /* Screen7LocationView.swift */; };
		253A749B2877E3D80005D7E1 /* Screen8ParametersView.swift in Sources */ = {isa = PBXBuildFile; fileRef = 253A749A2877E3D80005D7E1 /* Screen8ParametersView.swift */; };
		253A749D2877E4170005D7E1 /* Screen10CompletionView.swift in Sources */ = {isa = PBXBuildFile; fileRef = 253A749C2877E4170005D7E1 /* Screen10CompletionView.swift */; };
		253A74A02877E4AF0005D7E1 /* MainTabView.swift in Sources */ = {isa = PBXBuildFile; fileRef = 253A749F2877E4AF0005D7E1 /* MainTabView.swift */; };
		253A74A22877E4D00005D7E1 /* ContactsAdd.swift in Sources */ = {isa = PBXBuildFile; fileRef = 253A74A12877E4D00005D7E1 /* ContactsAdd.swift */; };
		253A74A42877E4E40005D7E1 /* ContactsList.swift in Sources */ = {isa = PBXBuildFile; fileRef = 253A74A32877E4E40005D7E1 /* ContactsList.swift */; };
		253A74A72877E52B0005D7E1 /* Theme.swift in Sources */ = {isa = PBXBuildFile; fileRef = 253A74A62877E52B0005D7E1 /* Theme.swift */; };
		253A74A92877E5420005D7E1 /* JSONConverter.swift in Sources */ = {isa = PBXBuildFile; fileRef = 253A74A82877E5420005D7E1 /* JSONConverter.swift */; };
		253A74AB2877E5670005D7E1 /* Extensions.swift in Sources */ = {isa = PBXBuildFile; fileRef = 253A74AA2877E5670005D7E1 /* Extensions.swift */; };
		253A74AD2877E5820005D7E1 /* UserModel.swift in Sources */ = {isa = PBXBuildFile; fileRef = 253A74AC2877E5820005D7E1 /* UserModel.swift */; };
		253A74AF2877E6530005D7E1 /* GoogleService-Info.plist in Resources */ = {isa = PBXBuildFile; fileRef = 253A74AE2877E6520005D7E1 /* GoogleService-Info.plist */; };
		253A74B42877ED660005D7E1 /* WrappingHStack in Frameworks */ = {isa = PBXBuildFile; productRef = 253A74B32877ED660005D7E1 /* WrappingHStack */; };
		253A74BE2877F4750005D7E1 /* CircularStd-Black.otf in Resources */ = {isa = PBXBuildFile; fileRef = 253A74BC2877F4750005D7E1 /* CircularStd-Black.otf */; };
		253A74BF2877F4750005D7E1 /* CircularStd-Book.otf in Resources */ = {isa = PBXBuildFile; fileRef = 253A74BD2877F4750005D7E1 /* CircularStd-Book.otf */; };
		253A74C32877F4A00005D7E1 /* PTSans-Regular.ttf in Resources */ = {isa = PBXBuildFile; fileRef = 253A74C02877F4A00005D7E1 /* PTSans-Regular.ttf */; };
		253A74C42877F4A00005D7E1 /* PTSans-Bold.ttf in Resources */ = {isa = PBXBuildFile; fileRef = 253A74C12877F4A00005D7E1 /* PTSans-Bold.ttf */; };
		253A74C52877F4A00005D7E1 /* PTSansProBlk.OTF in Resources */ = {isa = PBXBuildFile; fileRef = 253A74C22877F4A00005D7E1 /* PTSansProBlk.OTF */; };
		696D0ACC287B98E1008F4C34 /* ContactsDiscover.swift in Sources */ = {isa = PBXBuildFile; fileRef = 696D0ACB287B98DE008F4C34 /* ContactsDiscover.swift */; };
		696D0ACF287B9A27008F4C34 /* ToastUI in Frameworks */ = {isa = PBXBuildFile; productRef = 696D0ACE287B9A27008F4C34 /* ToastUI */; };
		696D0AD1287D15C1008F4C34 /* ActivityModel.swift in Sources */ = {isa = PBXBuildFile; fileRef = 696D0AD0287D15C0008F4C34 /* ActivityModel.swift */; };
		6993F02028817959001BFE0E /* ToastUI in Frameworks */ = {isa = PBXBuildFile; productRef = 6993F01F28817959001BFE0E /* ToastUI */; };
		6993F02328817987001BFE0E /* WrappingHStack in Frameworks */ = {isa = PBXBuildFile; productRef = 6993F02228817987001BFE0E /* WrappingHStack */; };
		69F8259C2884DBA40050F3B9 /* ActivitiesPopUp.swift in Sources */ = {isa = PBXBuildFile; fileRef = 69F8259B2884DBA40050F3B9 /* ActivitiesPopUp.swift */; };
/* End PBXBuildFile section */

/* Begin PBXContainerItemProxy section */
		253A74602877E1940005D7E1 /* PBXContainerItemProxy */ = {
			isa = PBXContainerItemProxy;
			containerPortal = 253A74472877E1920005D7E1 /* Project object */;
			proxyType = 1;
			remoteGlobalIDString = 253A744E2877E1920005D7E1;
			remoteInfo = jackfruit;
		};
		253A746A2877E1940005D7E1 /* PBXContainerItemProxy */ = {
			isa = PBXContainerItemProxy;
			containerPortal = 253A74472877E1920005D7E1 /* Project object */;
			proxyType = 1;
			remoteGlobalIDString = 253A744E2877E1920005D7E1;
			remoteInfo = jackfruit;
		};
/* End PBXContainerItemProxy section */

/* Begin PBXFileReference section */
		251F8535287B4FE7000F64C4 /* Screen9PhotoView.swift */ = {isa = PBXFileReference; lastKnownFileType = sourcecode.swift; path = Screen9PhotoView.swift; sourceTree = "<group>"; };
		251F8537287BF840000F64C4 /* ImagePicker.swift */ = {isa = PBXFileReference; lastKnownFileType = sourcecode.swift; path = ImagePicker.swift; sourceTree = "<group>"; };
		251F8539287BFD04000F64C4 /* Log.swift */ = {isa = PBXFileReference; lastKnownFileType = sourcecode.swift; path = Log.swift; sourceTree = "<group>"; };
		251F8542288521EE000F64C4 /* ProfileModal.swift */ = {isa = PBXFileReference; lastKnownFileType = sourcecode.swift; path = ProfileModal.swift; sourceTree = "<group>"; };
		251F854428852205000F64C4 /* ProfileModalView.swift */ = {isa = PBXFileReference; lastKnownFileType = sourcecode.swift; path = ProfileModalView.swift; sourceTree = "<group>"; };
		251F8548288545C6000F64C4 /* ProfileView.swift */ = {isa = PBXFileReference; lastKnownFileType = sourcecode.swift; path = ProfileView.swift; sourceTree = "<group>"; };
		253A744F2877E1920005D7E1 /* jackfruit.app */ = {isa = PBXFileReference; explicitFileType = wrapper.application; includeInIndex = 0; path = jackfruit.app; sourceTree = BUILT_PRODUCTS_DIR; };
		253A74522877E1920005D7E1 /* jackfruitApp.swift */ = {isa = PBXFileReference; lastKnownFileType = sourcecode.swift; path = jackfruitApp.swift; sourceTree = "<group>"; };
		253A74562877E1940005D7E1 /* Assets.xcassets */ = {isa = PBXFileReference; lastKnownFileType = folder.assetcatalog; path = Assets.xcassets; sourceTree = "<group>"; };
		253A74592877E1940005D7E1 /* Preview Assets.xcassets */ = {isa = PBXFileReference; lastKnownFileType = folder.assetcatalog; path = "Preview Assets.xcassets"; sourceTree = "<group>"; };
		253A745F2877E1940005D7E1 /* jackfruitTests.xctest */ = {isa = PBXFileReference; explicitFileType = wrapper.cfbundle; includeInIndex = 0; path = jackfruitTests.xctest; sourceTree = BUILT_PRODUCTS_DIR; };
		253A74632877E1940005D7E1 /* jackfruitTests.swift */ = {isa = PBXFileReference; lastKnownFileType = sourcecode.swift; path = jackfruitTests.swift; sourceTree = "<group>"; };
		253A74692877E1940005D7E1 /* jackfruitUITests.xctest */ = {isa = PBXFileReference; explicitFileType = wrapper.cfbundle; includeInIndex = 0; path = jackfruitUITests.xctest; sourceTree = BUILT_PRODUCTS_DIR; };
		253A746D2877E1940005D7E1 /* jackfruitUITests.swift */ = {isa = PBXFileReference; lastKnownFileType = sourcecode.swift; path = jackfruitUITests.swift; sourceTree = "<group>"; };
		253A746F2877E1940005D7E1 /* jackfruitUITestsLaunchTests.swift */ = {isa = PBXFileReference; lastKnownFileType = sourcecode.swift; path = jackfruitUITestsLaunchTests.swift; sourceTree = "<group>"; };
		253A747C2877E1C20005D7E1 /* .gitignore */ = {isa = PBXFileReference; fileEncoding = 4; lastKnownFileType = text; path = .gitignore; sourceTree = "<group>"; };
		253A74862877E2960005D7E1 /* Flow.swift */ = {isa = PBXFileReference; lastKnownFileType = sourcecode.swift; path = Flow.swift; sourceTree = "<group>"; };
		253A74882877E2B70005D7E1 /* FlowVM.swift */ = {isa = PBXFileReference; lastKnownFileType = sourcecode.swift; path = FlowVM.swift; sourceTree = "<group>"; };
		253A748A2877E3030005D7E1 /* FlowView.swift */ = {isa = PBXFileReference; lastKnownFileType = sourcecode.swift; path = FlowView.swift; sourceTree = "<group>"; };
		253A748C2877E3250005D7E1 /* Screen1LandingView.swift */ = {isa = PBXFileReference; lastKnownFileType = sourcecode.swift; path = Screen1LandingView.swift; sourceTree = "<group>"; };
		253A748E2877E33E0005D7E1 /* Screen2FirstNameView.swift */ = {isa = PBXFileReference; lastKnownFileType = sourcecode.swift; path = Screen2FirstNameView.swift; sourceTree = "<group>"; };
		253A74902877E35D0005D7E1 /* Screen3LastNameView.swift */ = {isa = PBXFileReference; lastKnownFileType = sourcecode.swift; path = Screen3LastNameView.swift; sourceTree = "<group>"; };
		253A74922877E36E0005D7E1 /* Screen4NumberView.swift */ = {isa = PBXFileReference; lastKnownFileType = sourcecode.swift; path = Screen4NumberView.swift; sourceTree = "<group>"; };
		253A74942877E38C0005D7E1 /* Screen5VerificationView.swift */ = {isa = PBXFileReference; lastKnownFileType = sourcecode.swift; path = Screen5VerificationView.swift; sourceTree = "<group>"; };
		253A74962877E39D0005D7E1 /* Screen6EmailView.swift */ = {isa = PBXFileReference; lastKnownFileType = sourcecode.swift; path = Screen6EmailView.swift; sourceTree = "<group>"; };
		253A74982877E3C60005D7E1 /* Screen7LocationView.swift */ = {isa = PBXFileReference; lastKnownFileType = sourcecode.swift; path = Screen7LocationView.swift; sourceTree = "<group>"; };
		253A749A2877E3D80005D7E1 /* Screen8ParametersView.swift */ = {isa = PBXFileReference; lastKnownFileType = sourcecode.swift; path = Screen8ParametersView.swift; sourceTree = "<group>"; };
		253A749C2877E4170005D7E1 /* Screen10CompletionView.swift */ = {isa = PBXFileReference; lastKnownFileType = sourcecode.swift; path = Screen10CompletionView.swift; sourceTree = "<group>"; };
		253A749F2877E4AF0005D7E1 /* MainTabView.swift */ = {isa = PBXFileReference; lastKnownFileType = sourcecode.swift; path = MainTabView.swift; sourceTree = "<group>"; };
		253A74A12877E4D00005D7E1 /* ContactsAdd.swift */ = {isa = PBXFileReference; lastKnownFileType = sourcecode.swift; path = ContactsAdd.swift; sourceTree = "<group>"; };
		253A74A32877E4E40005D7E1 /* ContactsList.swift */ = {isa = PBXFileReference; lastKnownFileType = sourcecode.swift; path = ContactsList.swift; sourceTree = "<group>"; };
		253A74A62877E52B0005D7E1 /* Theme.swift */ = {isa = PBXFileReference; lastKnownFileType = sourcecode.swift; path = Theme.swift; sourceTree = "<group>"; };
		253A74A82877E5420005D7E1 /* JSONConverter.swift */ = {isa = PBXFileReference; lastKnownFileType = sourcecode.swift; path = JSONConverter.swift; sourceTree = "<group>"; };
		253A74AA2877E5670005D7E1 /* Extensions.swift */ = {isa = PBXFileReference; lastKnownFileType = sourcecode.swift; path = Extensions.swift; sourceTree = "<group>"; };
		253A74AC2877E5820005D7E1 /* UserModel.swift */ = {isa = PBXFileReference; lastKnownFileType = sourcecode.swift; path = UserModel.swift; sourceTree = "<group>"; };
		253A74AE2877E6520005D7E1 /* GoogleService-Info.plist */ = {isa = PBXFileReference; fileEncoding = 4; lastKnownFileType = text.plist.xml; path = "GoogleService-Info.plist"; sourceTree = "<group>"; };
		253A74B02877E6630005D7E1 /* Info.plist */ = {isa = PBXFileReference; lastKnownFileType = text.plist; path = Info.plist; sourceTree = "<group>"; };
		253A74B12877E7710005D7E1 /* jackfruit.entitlements */ = {isa = PBXFileReference; lastKnownFileType = text.plist.entitlements; path = jackfruit.entitlements; sourceTree = "<group>"; };
		253A74BC2877F4750005D7E1 /* CircularStd-Black.otf */ = {isa = PBXFileReference; lastKnownFileType = file; path = "CircularStd-Black.otf"; sourceTree = "<group>"; };
		253A74BD2877F4750005D7E1 /* CircularStd-Book.otf */ = {isa = PBXFileReference; lastKnownFileType = file; path = "CircularStd-Book.otf"; sourceTree = "<group>"; };
		253A74C02877F4A00005D7E1 /* PTSans-Regular.ttf */ = {isa = PBXFileReference; lastKnownFileType = file; path = "PTSans-Regular.ttf"; sourceTree = "<group>"; };
		253A74C12877F4A00005D7E1 /* PTSans-Bold.ttf */ = {isa = PBXFileReference; lastKnownFileType = file; path = "PTSans-Bold.ttf"; sourceTree = "<group>"; };
		253A74C22877F4A00005D7E1 /* PTSansProBlk.OTF */ = {isa = PBXFileReference; lastKnownFileType = file; path = PTSansProBlk.OTF; sourceTree = "<group>"; };
		696D0ACB287B98DE008F4C34 /* ContactsDiscover.swift */ = {isa = PBXFileReference; lastKnownFileType = sourcecode.swift; path = ContactsDiscover.swift; sourceTree = "<group>"; };
		696D0AD0287D15C0008F4C34 /* ActivityModel.swift */ = {isa = PBXFileReference; lastKnownFileType = sourcecode.swift; path = ActivityModel.swift; sourceTree = "<group>"; };
		69F8259B2884DBA40050F3B9 /* ActivitiesPopUp.swift */ = {isa = PBXFileReference; lastKnownFileType = sourcecode.swift; path = ActivitiesPopUp.swift; sourceTree = "<group>"; };
/* End PBXFileReference section */

/* Begin PBXFrameworksBuildPhase section */
		253A744C2877E1920005D7E1 /* Frameworks */ = {
			isa = PBXFrameworksBuildPhase;
			buildActionMask = 2147483647;
			files = (
				253A74B42877ED660005D7E1 /* WrappingHStack in Frameworks */,
				6993F02328817987001BFE0E /* WrappingHStack in Frameworks */,
				6993F02028817959001BFE0E /* ToastUI in Frameworks */,
				253A74802877E2540005D7E1 /* FirebaseAuth in Frameworks */,
				253A74822877E2540005D7E1 /* FirebaseFirestore in Frameworks */,
				696D0ACF287B9A27008F4C34 /* ToastUI in Frameworks */,
				253A74842877E2540005D7E1 /* FirebaseStorage in Frameworks */,
				251F853D287FD6AA000F64C4 /* iPhoneNumberField in Frameworks */,
			);
			runOnlyForDeploymentPostprocessing = 0;
		};
		253A745C2877E1940005D7E1 /* Frameworks */ = {
			isa = PBXFrameworksBuildPhase;
			buildActionMask = 2147483647;
			files = (
			);
			runOnlyForDeploymentPostprocessing = 0;
		};
		253A74662877E1940005D7E1 /* Frameworks */ = {
			isa = PBXFrameworksBuildPhase;
			buildActionMask = 2147483647;
			files = (
			);
			runOnlyForDeploymentPostprocessing = 0;
		};
/* End PBXFrameworksBuildPhase section */

/* Begin PBXGroup section */
		251F854028852182000F64C4 /* models */ = {
			isa = PBXGroup;
			children = (
				253A74AC2877E5820005D7E1 /* UserModel.swift */,
				696D0AD0287D15C0008F4C34 /* ActivityModel.swift */,
			);
			path = models;
			sourceTree = "<group>";
		};
		251F854128852189000F64C4 /* contacts-list */ = {
			isa = PBXGroup;
			children = (
				253A74A32877E4E40005D7E1 /* ContactsList.swift */,
				251F8542288521EE000F64C4 /* ProfileModal.swift */,
				251F854428852205000F64C4 /* ProfileModalView.swift */,
				251F8548288545C6000F64C4 /* ProfileView.swift */,
			);
			path = "contacts-list";
			sourceTree = "<group>";
		};
		251F854728854570000F64C4 /* contacts-add */ = {
			isa = PBXGroup;
			children = (
				253A74A12877E4D00005D7E1 /* ContactsAdd.swift */,
			);
			path = "contacts-add";
			sourceTree = "<group>";
		};
		253A74462877E1920005D7E1 = {
			isa = PBXGroup;
			children = (
				253A747C2877E1C20005D7E1 /* .gitignore */,
				253A74512877E1920005D7E1 /* jackfruit */,
				253A74622877E1940005D7E1 /* jackfruitTests */,
				253A746C2877E1940005D7E1 /* jackfruitUITests */,
				253A74502877E1920005D7E1 /* Products */,
			);
			sourceTree = "<group>";
		};
		253A74502877E1920005D7E1 /* Products */ = {
			isa = PBXGroup;
			children = (
				253A744F2877E1920005D7E1 /* jackfruit.app */,
				253A745F2877E1940005D7E1 /* jackfruitTests.xctest */,
				253A74692877E1940005D7E1 /* jackfruitUITests.xctest */,
			);
			name = Products;
			sourceTree = "<group>";
		};
		253A74512877E1920005D7E1 /* jackfruit */ = {
			isa = PBXGroup;
			children = (
				251F854728854570000F64C4 /* contacts-add */,
				251F854128852189000F64C4 /* contacts-list */,
				251F854028852182000F64C4 /* models */,
				253A74B12877E7710005D7E1 /* jackfruit.entitlements */,
				253A74B02877E6630005D7E1 /* Info.plist */,
				253A74AE2877E6520005D7E1 /* GoogleService-Info.plist */,
				253A74A52877E51C0005D7E1 /* util */,
				253A749E2877E4990005D7E1 /* home */,
				253A74852877E27A0005D7E1 /* onboarding */,
				253A74522877E1920005D7E1 /* jackfruitApp.swift */,
				253A74B72877F4240005D7E1 /* fonts */,
				253A74562877E1940005D7E1 /* Assets.xcassets */,
				253A74582877E1940005D7E1 /* Preview Content */,
			);
			path = jackfruit;
			sourceTree = "<group>";
		};
		253A74582877E1940005D7E1 /* Preview Content */ = {
			isa = PBXGroup;
			children = (
				253A74592877E1940005D7E1 /* Preview Assets.xcassets */,
			);
			path = "Preview Content";
			sourceTree = "<group>";
		};
		253A74622877E1940005D7E1 /* jackfruitTests */ = {
			isa = PBXGroup;
			children = (
				253A74632877E1940005D7E1 /* jackfruitTests.swift */,
			);
			path = jackfruitTests;
			sourceTree = "<group>";
		};
		253A746C2877E1940005D7E1 /* jackfruitUITests */ = {
			isa = PBXGroup;
			children = (
				253A746D2877E1940005D7E1 /* jackfruitUITests.swift */,
				253A746F2877E1940005D7E1 /* jackfruitUITestsLaunchTests.swift */,
			);
			path = jackfruitUITests;
			sourceTree = "<group>";
		};
		253A74852877E27A0005D7E1 /* onboarding */ = {
			isa = PBXGroup;
			children = (
				253A74862877E2960005D7E1 /* Flow.swift */,
				253A74882877E2B70005D7E1 /* FlowVM.swift */,
				253A748A2877E3030005D7E1 /* FlowView.swift */,
				253A748C2877E3250005D7E1 /* Screen1LandingView.swift */,
				253A748E2877E33E0005D7E1 /* Screen2FirstNameView.swift */,
				253A74902877E35D0005D7E1 /* Screen3LastNameView.swift */,
				253A74922877E36E0005D7E1 /* Screen4NumberView.swift */,
				253A74942877E38C0005D7E1 /* Screen5VerificationView.swift */,
				253A74962877E39D0005D7E1 /* Screen6EmailView.swift */,
				253A74982877E3C60005D7E1 /* Screen7LocationView.swift */,
				253A749A2877E3D80005D7E1 /* Screen8ParametersView.swift */,
				251F8535287B4FE7000F64C4 /* Screen9PhotoView.swift */,
				253A749C2877E4170005D7E1 /* Screen10CompletionView.swift */,
			);
			path = onboarding;
			sourceTree = "<group>";
		};
		253A749E2877E4990005D7E1 /* home */ = {
			isa = PBXGroup;
			children = (
				253A749F2877E4AF0005D7E1 /* MainTabView.swift */,
				696D0ACB287B98DE008F4C34 /* ContactsDiscover.swift */,
				69F8259B2884DBA40050F3B9 /* ActivitiesPopUp.swift */,
			);
			path = home;
			sourceTree = "<group>";
		};
		253A74A52877E51C0005D7E1 /* util */ = {
			isa = PBXGroup;
			children = (
				253A74A62877E52B0005D7E1 /* Theme.swift */,
				253A74A82877E5420005D7E1 /* JSONConverter.swift */,
				253A74AA2877E5670005D7E1 /* Extensions.swift */,
				251F8537287BF840000F64C4 /* ImagePicker.swift */,
				251F8539287BFD04000F64C4 /* Log.swift */,
			);
			path = util;
			sourceTree = "<group>";
		};
		253A74B72877F4240005D7E1 /* fonts */ = {
			isa = PBXGroup;
			children = (
				253A74C12877F4A00005D7E1 /* PTSans-Bold.ttf */,
				253A74C02877F4A00005D7E1 /* PTSans-Regular.ttf */,
				253A74C22877F4A00005D7E1 /* PTSansProBlk.OTF */,
				253A74BC2877F4750005D7E1 /* CircularStd-Black.otf */,
				253A74BD2877F4750005D7E1 /* CircularStd-Book.otf */,
			);
			path = fonts;
			sourceTree = "<group>";
		};
/* End PBXGroup section */

/* Begin PBXNativeTarget section */
		253A744E2877E1920005D7E1 /* jackfruit */ = {
			isa = PBXNativeTarget;
			buildConfigurationList = 253A74732877E1940005D7E1 /* Build configuration list for PBXNativeTarget "jackfruit" */;
			buildPhases = (
				253A744B2877E1920005D7E1 /* Sources */,
				253A744C2877E1920005D7E1 /* Frameworks */,
				253A744D2877E1920005D7E1 /* Resources */,
			);
			buildRules = (
			);
			dependencies = (
			);
			name = jackfruit;
			packageProductDependencies = (
				253A747F2877E2540005D7E1 /* FirebaseAuth */,
				253A74812877E2540005D7E1 /* FirebaseFirestore */,
				253A74832877E2540005D7E1 /* FirebaseStorage */,
				253A74B32877ED660005D7E1 /* WrappingHStack */,
				696D0ACE287B9A27008F4C34 /* ToastUI */,
				251F853C287FD6AA000F64C4 /* iPhoneNumberField */,
				6993F01F28817959001BFE0E /* ToastUI */,
				6993F02228817987001BFE0E /* WrappingHStack */,
			);
			productName = jackfruit;
			productReference = 253A744F2877E1920005D7E1 /* jackfruit.app */;
			productType = "com.apple.product-type.application";
		};
		253A745E2877E1940005D7E1 /* jackfruitTests */ = {
			isa = PBXNativeTarget;
			buildConfigurationList = 253A74762877E1940005D7E1 /* Build configuration list for PBXNativeTarget "jackfruitTests" */;
			buildPhases = (
				253A745B2877E1940005D7E1 /* Sources */,
				253A745C2877E1940005D7E1 /* Frameworks */,
				253A745D2877E1940005D7E1 /* Resources */,
			);
			buildRules = (
			);
			dependencies = (
				253A74612877E1940005D7E1 /* PBXTargetDependency */,
			);
			name = jackfruitTests;
			productName = jackfruitTests;
			productReference = 253A745F2877E1940005D7E1 /* jackfruitTests.xctest */;
			productType = "com.apple.product-type.bundle.unit-test";
		};
		253A74682877E1940005D7E1 /* jackfruitUITests */ = {
			isa = PBXNativeTarget;
			buildConfigurationList = 253A74792877E1940005D7E1 /* Build configuration list for PBXNativeTarget "jackfruitUITests" */;
			buildPhases = (
				253A74652877E1940005D7E1 /* Sources */,
				253A74662877E1940005D7E1 /* Frameworks */,
				253A74672877E1940005D7E1 /* Resources */,
			);
			buildRules = (
			);
			dependencies = (
				253A746B2877E1940005D7E1 /* PBXTargetDependency */,
			);
			name = jackfruitUITests;
			productName = jackfruitUITests;
			productReference = 253A74692877E1940005D7E1 /* jackfruitUITests.xctest */;
			productType = "com.apple.product-type.bundle.ui-testing";
		};
/* End PBXNativeTarget section */

/* Begin PBXProject section */
		253A74472877E1920005D7E1 /* Project object */ = {
			isa = PBXProject;
			attributes = {
				BuildIndependentTargetsInParallel = 1;
				LastSwiftUpdateCheck = 1340;
				LastUpgradeCheck = 1340;
				TargetAttributes = {
					253A744E2877E1920005D7E1 = {
						CreatedOnToolsVersion = 13.4.1;
					};
					253A745E2877E1940005D7E1 = {
						CreatedOnToolsVersion = 13.4.1;
						TestTargetID = 253A744E2877E1920005D7E1;
					};
					253A74682877E1940005D7E1 = {
						CreatedOnToolsVersion = 13.4.1;
						TestTargetID = 253A744E2877E1920005D7E1;
					};
				};
			};
			buildConfigurationList = 253A744A2877E1920005D7E1 /* Build configuration list for PBXProject "jackfruit" */;
			compatibilityVersion = "Xcode 13.0";
			developmentRegion = en;
			hasScannedForEncodings = 0;
			knownRegions = (
				en,
				Base,
			);
			mainGroup = 253A74462877E1920005D7E1;
			packageReferences = (
				253A747E2877E2540005D7E1 /* XCRemoteSwiftPackageReference "firebase-ios-sdk" */,
				253A74B22877ED660005D7E1 /* XCRemoteSwiftPackageReference "WrappingHStack" */,
				696D0ACD287B9A24008F4C34 /* XCRemoteSwiftPackageReference "ToastUI" */,
				6993F01028802067001BFE0E /* XCRemoteSwiftPackageReference "swift-collections" */,
				251F853B287FD6AA000F64C4 /* XCRemoteSwiftPackageReference "iPhoneNumberField" */,
				6993F0172881792B001BFE0E /* XCRemoteSwiftPackageReference "swift-collections" */,
				6993F01E28817959001BFE0E /* XCRemoteSwiftPackageReference "ToastUI" */,
				6993F02128817987001BFE0E /* XCRemoteSwiftPackageReference "WrappingHStack" */,
			);
			productRefGroup = 253A74502877E1920005D7E1 /* Products */;
			projectDirPath = "";
			projectRoot = "";
			targets = (
				253A744E2877E1920005D7E1 /* jackfruit */,
				253A745E2877E1940005D7E1 /* jackfruitTests */,
				253A74682877E1940005D7E1 /* jackfruitUITests */,
			);
		};
/* End PBXProject section */

/* Begin PBXResourcesBuildPhase section */
		253A744D2877E1920005D7E1 /* Resources */ = {
			isa = PBXResourcesBuildPhase;
			buildActionMask = 2147483647;
			files = (
				253A745A2877E1940005D7E1 /* Preview Assets.xcassets in Resources */,
				253A74BF2877F4750005D7E1 /* CircularStd-Book.otf in Resources */,
				253A74C42877F4A00005D7E1 /* PTSans-Bold.ttf in Resources */,
				253A74AF2877E6530005D7E1 /* GoogleService-Info.plist in Resources */,
				253A747D2877E1C20005D7E1 /* .gitignore in Resources */,
				253A74572877E1940005D7E1 /* Assets.xcassets in Resources */,
				253A74C52877F4A00005D7E1 /* PTSansProBlk.OTF in Resources */,
				253A74BE2877F4750005D7E1 /* CircularStd-Black.otf in Resources */,
				253A74C32877F4A00005D7E1 /* PTSans-Regular.ttf in Resources */,
			);
			runOnlyForDeploymentPostprocessing = 0;
		};
		253A745D2877E1940005D7E1 /* Resources */ = {
			isa = PBXResourcesBuildPhase;
			buildActionMask = 2147483647;
			files = (
			);
			runOnlyForDeploymentPostprocessing = 0;
		};
		253A74672877E1940005D7E1 /* Resources */ = {
			isa = PBXResourcesBuildPhase;
			buildActionMask = 2147483647;
			files = (
			);
			runOnlyForDeploymentPostprocessing = 0;
		};
/* End PBXResourcesBuildPhase section */

/* Begin PBXSourcesBuildPhase section */
		253A744B2877E1920005D7E1 /* Sources */ = {
			isa = PBXSourcesBuildPhase;
			buildActionMask = 2147483647;
			files = (
				253A74872877E2960005D7E1 /* Flow.swift in Sources */,
				251F853A287BFD04000F64C4 /* Log.swift in Sources */,
				253A74AD2877E5820005D7E1 /* UserModel.swift in Sources */,
				69F8259C2884DBA40050F3B9 /* ActivitiesPopUp.swift in Sources */,
				253A74A92877E5420005D7E1 /* JSONConverter.swift in Sources */,
				253A74A42877E4E40005D7E1 /* ContactsList.swift in Sources */,
				253A748D2877E3250005D7E1 /* Screen1LandingView.swift in Sources */,
				253A749B2877E3D80005D7E1 /* Screen8ParametersView.swift in Sources */,
				253A74A22877E4D00005D7E1 /* ContactsAdd.swift in Sources */,
				251F8538287BF840000F64C4 /* ImagePicker.swift in Sources */,
				251F8536287B4FE7000F64C4 /* Screen9PhotoView.swift in Sources */,
				251F8549288545C6000F64C4 /* ProfileView.swift in Sources */,
				251F854528852205000F64C4 /* ProfileModalView.swift in Sources */,
				253A74932877E36E0005D7E1 /* Screen4NumberView.swift in Sources */,
				696D0AD1287D15C1008F4C34 /* ActivityModel.swift in Sources */,
				253A748B2877E3030005D7E1 /* FlowView.swift in Sources */,
				251F8543288521EE000F64C4 /* ProfileModal.swift in Sources */,
				253A749D2877E4170005D7E1 /* Screen10CompletionView.swift in Sources */,
				253A74A72877E52B0005D7E1 /* Theme.swift in Sources */,
				253A748F2877E33E0005D7E1 /* Screen2FirstNameView.swift in Sources */,
				253A74892877E2B70005D7E1 /* FlowVM.swift in Sources */,
				253A74952877E38C0005D7E1 /* Screen5VerificationView.swift in Sources */,
				253A74532877E1920005D7E1 /* jackfruitApp.swift in Sources */,
				253A74AB2877E5670005D7E1 /* Extensions.swift in Sources */,
				253A74972877E39D0005D7E1 /* Screen6EmailView.swift in Sources */,
				253A74912877E35D0005D7E1 /* Screen3LastNameView.swift in Sources */,
				253A74992877E3C60005D7E1 /* Screen7LocationView.swift in Sources */,
				253A74A02877E4AF0005D7E1 /* MainTabView.swift in Sources */,
				696D0ACC287B98E1008F4C34 /* ContactsDiscover.swift in Sources */,
			);
			runOnlyForDeploymentPostprocessing = 0;
		};
		253A745B2877E1940005D7E1 /* Sources */ = {
			isa = PBXSourcesBuildPhase;
			buildActionMask = 2147483647;
			files = (
				253A74642877E1940005D7E1 /* jackfruitTests.swift in Sources */,
			);
			runOnlyForDeploymentPostprocessing = 0;
		};
		253A74652877E1940005D7E1 /* Sources */ = {
			isa = PBXSourcesBuildPhase;
			buildActionMask = 2147483647;
			files = (
				253A74702877E1940005D7E1 /* jackfruitUITestsLaunchTests.swift in Sources */,
				253A746E2877E1940005D7E1 /* jackfruitUITests.swift in Sources */,
			);
			runOnlyForDeploymentPostprocessing = 0;
		};
/* End PBXSourcesBuildPhase section */

/* Begin PBXTargetDependency section */
		253A74612877E1940005D7E1 /* PBXTargetDependency */ = {
			isa = PBXTargetDependency;
			target = 253A744E2877E1920005D7E1 /* jackfruit */;
			targetProxy = 253A74602877E1940005D7E1 /* PBXContainerItemProxy */;
		};
		253A746B2877E1940005D7E1 /* PBXTargetDependency */ = {
			isa = PBXTargetDependency;
			target = 253A744E2877E1920005D7E1 /* jackfruit */;
			targetProxy = 253A746A2877E1940005D7E1 /* PBXContainerItemProxy */;
		};
/* End PBXTargetDependency section */

/* Begin XCBuildConfiguration section */
		253A74712877E1940005D7E1 /* Debug */ = {
			isa = XCBuildConfiguration;
			buildSettings = {
				ALWAYS_SEARCH_USER_PATHS = NO;
				CLANG_ANALYZER_NONNULL = YES;
				CLANG_ANALYZER_NUMBER_OBJECT_CONVERSION = YES_AGGRESSIVE;
				CLANG_CXX_LANGUAGE_STANDARD = "gnu++17";
				CLANG_ENABLE_MODULES = YES;
				CLANG_ENABLE_OBJC_ARC = YES;
				CLANG_ENABLE_OBJC_WEAK = YES;
				CLANG_WARN_BLOCK_CAPTURE_AUTORELEASING = YES;
				CLANG_WARN_BOOL_CONVERSION = YES;
				CLANG_WARN_COMMA = YES;
				CLANG_WARN_CONSTANT_CONVERSION = YES;
				CLANG_WARN_DEPRECATED_OBJC_IMPLEMENTATIONS = YES;
				CLANG_WARN_DIRECT_OBJC_ISA_USAGE = YES_ERROR;
				CLANG_WARN_DOCUMENTATION_COMMENTS = YES;
				CLANG_WARN_EMPTY_BODY = YES;
				CLANG_WARN_ENUM_CONVERSION = YES;
				CLANG_WARN_INFINITE_RECURSION = YES;
				CLANG_WARN_INT_CONVERSION = YES;
				CLANG_WARN_NON_LITERAL_NULL_CONVERSION = YES;
				CLANG_WARN_OBJC_IMPLICIT_RETAIN_SELF = YES;
				CLANG_WARN_OBJC_LITERAL_CONVERSION = YES;
				CLANG_WARN_OBJC_ROOT_CLASS = YES_ERROR;
				CLANG_WARN_QUOTED_INCLUDE_IN_FRAMEWORK_HEADER = YES;
				CLANG_WARN_RANGE_LOOP_ANALYSIS = YES;
				CLANG_WARN_STRICT_PROTOTYPES = YES;
				CLANG_WARN_SUSPICIOUS_MOVE = YES;
				CLANG_WARN_UNGUARDED_AVAILABILITY = YES_AGGRESSIVE;
				CLANG_WARN_UNREACHABLE_CODE = YES;
				CLANG_WARN__DUPLICATE_METHOD_MATCH = YES;
				COPY_PHASE_STRIP = NO;
				DEBUG_INFORMATION_FORMAT = dwarf;
				ENABLE_STRICT_OBJC_MSGSEND = YES;
				ENABLE_TESTABILITY = YES;
				GCC_C_LANGUAGE_STANDARD = gnu11;
				GCC_DYNAMIC_NO_PIC = NO;
				GCC_NO_COMMON_BLOCKS = YES;
				GCC_OPTIMIZATION_LEVEL = 0;
				GCC_PREPROCESSOR_DEFINITIONS = (
					"DEBUG=1",
					"$(inherited)",
				);
				GCC_WARN_64_TO_32_BIT_CONVERSION = YES;
				GCC_WARN_ABOUT_RETURN_TYPE = YES_ERROR;
				GCC_WARN_UNDECLARED_SELECTOR = YES;
				GCC_WARN_UNINITIALIZED_AUTOS = YES_AGGRESSIVE;
				GCC_WARN_UNUSED_FUNCTION = YES;
				GCC_WARN_UNUSED_VARIABLE = YES;
				IPHONEOS_DEPLOYMENT_TARGET = 15.5;
				MTL_ENABLE_DEBUG_INFO = INCLUDE_SOURCE;
				MTL_FAST_MATH = YES;
				ONLY_ACTIVE_ARCH = YES;
				SDKROOT = iphoneos;
				SWIFT_ACTIVE_COMPILATION_CONDITIONS = DEBUG;
				SWIFT_OPTIMIZATION_LEVEL = "-Onone";
			};
			name = Debug;
		};
		253A74722877E1940005D7E1 /* Release */ = {
			isa = XCBuildConfiguration;
			buildSettings = {
				ALWAYS_SEARCH_USER_PATHS = NO;
				CLANG_ANALYZER_NONNULL = YES;
				CLANG_ANALYZER_NUMBER_OBJECT_CONVERSION = YES_AGGRESSIVE;
				CLANG_CXX_LANGUAGE_STANDARD = "gnu++17";
				CLANG_ENABLE_MODULES = YES;
				CLANG_ENABLE_OBJC_ARC = YES;
				CLANG_ENABLE_OBJC_WEAK = YES;
				CLANG_WARN_BLOCK_CAPTURE_AUTORELEASING = YES;
				CLANG_WARN_BOOL_CONVERSION = YES;
				CLANG_WARN_COMMA = YES;
				CLANG_WARN_CONSTANT_CONVERSION = YES;
				CLANG_WARN_DEPRECATED_OBJC_IMPLEMENTATIONS = YES;
				CLANG_WARN_DIRECT_OBJC_ISA_USAGE = YES_ERROR;
				CLANG_WARN_DOCUMENTATION_COMMENTS = YES;
				CLANG_WARN_EMPTY_BODY = YES;
				CLANG_WARN_ENUM_CONVERSION = YES;
				CLANG_WARN_INFINITE_RECURSION = YES;
				CLANG_WARN_INT_CONVERSION = YES;
				CLANG_WARN_NON_LITERAL_NULL_CONVERSION = YES;
				CLANG_WARN_OBJC_IMPLICIT_RETAIN_SELF = YES;
				CLANG_WARN_OBJC_LITERAL_CONVERSION = YES;
				CLANG_WARN_OBJC_ROOT_CLASS = YES_ERROR;
				CLANG_WARN_QUOTED_INCLUDE_IN_FRAMEWORK_HEADER = YES;
				CLANG_WARN_RANGE_LOOP_ANALYSIS = YES;
				CLANG_WARN_STRICT_PROTOTYPES = YES;
				CLANG_WARN_SUSPICIOUS_MOVE = YES;
				CLANG_WARN_UNGUARDED_AVAILABILITY = YES_AGGRESSIVE;
				CLANG_WARN_UNREACHABLE_CODE = YES;
				CLANG_WARN__DUPLICATE_METHOD_MATCH = YES;
				COPY_PHASE_STRIP = NO;
				DEBUG_INFORMATION_FORMAT = "dwarf-with-dsym";
				ENABLE_NS_ASSERTIONS = NO;
				ENABLE_STRICT_OBJC_MSGSEND = YES;
				GCC_C_LANGUAGE_STANDARD = gnu11;
				GCC_NO_COMMON_BLOCKS = YES;
				GCC_WARN_64_TO_32_BIT_CONVERSION = YES;
				GCC_WARN_ABOUT_RETURN_TYPE = YES_ERROR;
				GCC_WARN_UNDECLARED_SELECTOR = YES;
				GCC_WARN_UNINITIALIZED_AUTOS = YES_AGGRESSIVE;
				GCC_WARN_UNUSED_FUNCTION = YES;
				GCC_WARN_UNUSED_VARIABLE = YES;
				IPHONEOS_DEPLOYMENT_TARGET = 15.5;
				MTL_ENABLE_DEBUG_INFO = NO;
				MTL_FAST_MATH = YES;
				SDKROOT = iphoneos;
				SWIFT_COMPILATION_MODE = wholemodule;
				SWIFT_OPTIMIZATION_LEVEL = "-O";
				VALIDATE_PRODUCT = YES;
			};
			name = Release;
		};
		253A74742877E1940005D7E1 /* Debug */ = {
			isa = XCBuildConfiguration;
			buildSettings = {
				ASSETCATALOG_COMPILER_APPICON_NAME = AppIcon;
				ASSETCATALOG_COMPILER_GLOBAL_ACCENT_COLOR_NAME = AccentColor;
				CODE_SIGN_ENTITLEMENTS = jackfruit/jackfruit.entitlements;
				CODE_SIGN_STYLE = Automatic;
				CURRENT_PROJECT_VERSION = 1;
				DEVELOPMENT_ASSET_PATHS = "\"jackfruit/Preview Content\"";
				DEVELOPMENT_TEAM = TG99963V5J;
				ENABLE_PREVIEWS = YES;
				GENERATE_INFOPLIST_FILE = YES;
				INFOPLIST_FILE = jackfruit/Info.plist;
				INFOPLIST_KEY_UIApplicationSceneManifest_Generation = YES;
				INFOPLIST_KEY_UIApplicationSupportsIndirectInputEvents = YES;
				INFOPLIST_KEY_UILaunchScreen_Generation = YES;
				INFOPLIST_KEY_UISupportedInterfaceOrientations = UIInterfaceOrientationPortrait;
				INFOPLIST_KEY_UISupportedInterfaceOrientations_iPad = "UIInterfaceOrientationPortrait UIInterfaceOrientationPortraitUpsideDown";
				INFOPLIST_KEY_UISupportedInterfaceOrientations_iPhone = "UIInterfaceOrientationPortrait UIInterfaceOrientationLandscapeLeft UIInterfaceOrientationLandscapeRight";
				INFOPLIST_KEY_UIUserInterfaceStyle = Light;
				LD_RUNPATH_SEARCH_PATHS = (
					"$(inherited)",
					"@executable_path/Frameworks",
				);
				MARKETING_VERSION = 1.0;
				PRODUCT_BUNDLE_IDENTIFIER = com.contacts.jackfruit;
				PRODUCT_NAME = "$(TARGET_NAME)";
				SWIFT_EMIT_LOC_STRINGS = YES;
				SWIFT_VERSION = 5.0;
				TARGETED_DEVICE_FAMILY = "1,2";
			};
			name = Debug;
		};
		253A74752877E1940005D7E1 /* Release */ = {
			isa = XCBuildConfiguration;
			buildSettings = {
				ASSETCATALOG_COMPILER_APPICON_NAME = AppIcon;
				ASSETCATALOG_COMPILER_GLOBAL_ACCENT_COLOR_NAME = AccentColor;
				CODE_SIGN_ENTITLEMENTS = jackfruit/jackfruit.entitlements;
				CODE_SIGN_STYLE = Automatic;
				CURRENT_PROJECT_VERSION = 1;
				DEVELOPMENT_ASSET_PATHS = "\"jackfruit/Preview Content\"";
				DEVELOPMENT_TEAM = TG99963V5J;
				ENABLE_PREVIEWS = YES;
				GENERATE_INFOPLIST_FILE = YES;
				INFOPLIST_FILE = jackfruit/Info.plist;
				INFOPLIST_KEY_UIApplicationSceneManifest_Generation = YES;
				INFOPLIST_KEY_UIApplicationSupportsIndirectInputEvents = YES;
				INFOPLIST_KEY_UILaunchScreen_Generation = YES;
				INFOPLIST_KEY_UISupportedInterfaceOrientations = UIInterfaceOrientationPortrait;
				INFOPLIST_KEY_UISupportedInterfaceOrientations_iPad = "UIInterfaceOrientationPortrait UIInterfaceOrientationPortraitUpsideDown";
				INFOPLIST_KEY_UISupportedInterfaceOrientations_iPhone = "UIInterfaceOrientationPortrait UIInterfaceOrientationLandscapeLeft UIInterfaceOrientationLandscapeRight";
				INFOPLIST_KEY_UIUserInterfaceStyle = Light;
				LD_RUNPATH_SEARCH_PATHS = (
					"$(inherited)",
					"@executable_path/Frameworks",
				);
				MARKETING_VERSION = 1.0;
				PRODUCT_BUNDLE_IDENTIFIER = com.contacts.jackfruit;
				PRODUCT_NAME = "$(TARGET_NAME)";
				SWIFT_EMIT_LOC_STRINGS = YES;
				SWIFT_VERSION = 5.0;
				TARGETED_DEVICE_FAMILY = "1,2";
			};
			name = Release;
		};
		253A74772877E1940005D7E1 /* Debug */ = {
			isa = XCBuildConfiguration;
			buildSettings = {
				ALWAYS_EMBED_SWIFT_STANDARD_LIBRARIES = YES;
				BUNDLE_LOADER = "$(TEST_HOST)";
				CODE_SIGN_STYLE = Automatic;
				CURRENT_PROJECT_VERSION = 1;
				DEVELOPMENT_TEAM = TG99963V5J;
				GENERATE_INFOPLIST_FILE = YES;
				IPHONEOS_DEPLOYMENT_TARGET = 15.5;
				MARKETING_VERSION = 1.0;
				PRODUCT_BUNDLE_IDENTIFIER = com.contacts.jackfruitTests;
				PRODUCT_NAME = "$(TARGET_NAME)";
				SWIFT_EMIT_LOC_STRINGS = NO;
				SWIFT_VERSION = 5.0;
				TARGETED_DEVICE_FAMILY = "1,2";
				TEST_HOST = "$(BUILT_PRODUCTS_DIR)/jackfruit.app/jackfruit";
			};
			name = Debug;
		};
		253A74782877E1940005D7E1 /* Release */ = {
			isa = XCBuildConfiguration;
			buildSettings = {
				ALWAYS_EMBED_SWIFT_STANDARD_LIBRARIES = YES;
				BUNDLE_LOADER = "$(TEST_HOST)";
				CODE_SIGN_STYLE = Automatic;
				CURRENT_PROJECT_VERSION = 1;
				DEVELOPMENT_TEAM = TG99963V5J;
				GENERATE_INFOPLIST_FILE = YES;
				IPHONEOS_DEPLOYMENT_TARGET = 15.5;
				MARKETING_VERSION = 1.0;
				PRODUCT_BUNDLE_IDENTIFIER = com.contacts.jackfruitTests;
				PRODUCT_NAME = "$(TARGET_NAME)";
				SWIFT_EMIT_LOC_STRINGS = NO;
				SWIFT_VERSION = 5.0;
				TARGETED_DEVICE_FAMILY = "1,2";
				TEST_HOST = "$(BUILT_PRODUCTS_DIR)/jackfruit.app/jackfruit";
			};
			name = Release;
		};
		253A747A2877E1940005D7E1 /* Debug */ = {
			isa = XCBuildConfiguration;
			buildSettings = {
				ALWAYS_EMBED_SWIFT_STANDARD_LIBRARIES = YES;
				CODE_SIGN_STYLE = Automatic;
				CURRENT_PROJECT_VERSION = 1;
				DEVELOPMENT_TEAM = TG99963V5J;
				GENERATE_INFOPLIST_FILE = YES;
				MARKETING_VERSION = 1.0;
				PRODUCT_BUNDLE_IDENTIFIER = com.contacts.jackfruitUITests;
				PRODUCT_NAME = "$(TARGET_NAME)";
				SWIFT_EMIT_LOC_STRINGS = NO;
				SWIFT_VERSION = 5.0;
				TARGETED_DEVICE_FAMILY = "1,2";
				TEST_TARGET_NAME = jackfruit;
			};
			name = Debug;
		};
		253A747B2877E1940005D7E1 /* Release */ = {
			isa = XCBuildConfiguration;
			buildSettings = {
				ALWAYS_EMBED_SWIFT_STANDARD_LIBRARIES = YES;
				CODE_SIGN_STYLE = Automatic;
				CURRENT_PROJECT_VERSION = 1;
				DEVELOPMENT_TEAM = TG99963V5J;
				GENERATE_INFOPLIST_FILE = YES;
				MARKETING_VERSION = 1.0;
				PRODUCT_BUNDLE_IDENTIFIER = com.contacts.jackfruitUITests;
				PRODUCT_NAME = "$(TARGET_NAME)";
				SWIFT_EMIT_LOC_STRINGS = NO;
				SWIFT_VERSION = 5.0;
				TARGETED_DEVICE_FAMILY = "1,2";
				TEST_TARGET_NAME = jackfruit;
			};
			name = Release;
		};
/* End XCBuildConfiguration section */

/* Begin XCConfigurationList section */
		253A744A2877E1920005D7E1 /* Build configuration list for PBXProject "jackfruit" */ = {
			isa = XCConfigurationList;
			buildConfigurations = (
				253A74712877E1940005D7E1 /* Debug */,
				253A74722877E1940005D7E1 /* Release */,
			);
			defaultConfigurationIsVisible = 0;
			defaultConfigurationName = Release;
		};
		253A74732877E1940005D7E1 /* Build configuration list for PBXNativeTarget "jackfruit" */ = {
			isa = XCConfigurationList;
			buildConfigurations = (
				253A74742877E1940005D7E1 /* Debug */,
				253A74752877E1940005D7E1 /* Release */,
			);
			defaultConfigurationIsVisible = 0;
			defaultConfigurationName = Release;
		};
		253A74762877E1940005D7E1 /* Build configuration list for PBXNativeTarget "jackfruitTests" */ = {
			isa = XCConfigurationList;
			buildConfigurations = (
				253A74772877E1940005D7E1 /* Debug */,
				253A74782877E1940005D7E1 /* Release */,
			);
			defaultConfigurationIsVisible = 0;
			defaultConfigurationName = Release;
		};
		253A74792877E1940005D7E1 /* Build configuration list for PBXNativeTarget "jackfruitUITests" */ = {
			isa = XCConfigurationList;
			buildConfigurations = (
				253A747A2877E1940005D7E1 /* Debug */,
				253A747B2877E1940005D7E1 /* Release */,
			);
			defaultConfigurationIsVisible = 0;
			defaultConfigurationName = Release;
		};
/* End XCConfigurationList section */

/* Begin XCRemoteSwiftPackageReference section */
		251F853B287FD6AA000F64C4 /* XCRemoteSwiftPackageReference "iPhoneNumberField" */ = {
			isa = XCRemoteSwiftPackageReference;
			repositoryURL = "https://github.com/MojtabaHs/iPhoneNumberField.git";
			requirement = {
				kind = upToNextMajorVersion;
				minimumVersion = 0.5.0;
			};
		};
		253A747E2877E2540005D7E1 /* XCRemoteSwiftPackageReference "firebase-ios-sdk" */ = {
			isa = XCRemoteSwiftPackageReference;
			repositoryURL = "https://github.com/firebase/firebase-ios-sdk";
			requirement = {
				kind = upToNextMajorVersion;
				minimumVersion = 8.1.0;
			};
		};
		253A74B22877ED660005D7E1 /* XCRemoteSwiftPackageReference "WrappingHStack" */ = {
			isa = XCRemoteSwiftPackageReference;
			repositoryURL = "https://github.com/dkk/WrappingHStack";
			requirement = {
				kind = upToNextMajorVersion;
				minimumVersion = 2.0.0;
			};
		};
		696D0ACD287B9A24008F4C34 /* XCRemoteSwiftPackageReference "ToastUI" */ = {
			isa = XCRemoteSwiftPackageReference;
			repositoryURL = "https://github.com/quanshousio/ToastUI.git";
			requirement = {
				kind = upToNextMajorVersion;
				minimumVersion = 3.0.0;
			};
		};
		6993F01028802067001BFE0E /* XCRemoteSwiftPackageReference "swift-collections" */ = {
			isa = XCRemoteSwiftPackageReference;
			repositoryURL = "https://github.com/apple/swift-collections.git";
			requirement = {
				kind = upToNextMajorVersion;
				minimumVersion = 1.0.0;
			};
		};
		6993F0172881792B001BFE0E /* XCRemoteSwiftPackageReference "swift-collections" */ = {
			isa = XCRemoteSwiftPackageReference;
			repositoryURL = "https://github.com/apple/swift-collections.git";
			requirement = {
				kind = upToNextMajorVersion;
				minimumVersion = 1.0.0;
			};
		};
		6993F01E28817959001BFE0E /* XCRemoteSwiftPackageReference "ToastUI" */ = {
			isa = XCRemoteSwiftPackageReference;
			repositoryURL = "https://github.com/quanshousio/ToastUI.git";
			requirement = {
				branch = main;
				kind = branch;
			};
		};
		6993F02128817987001BFE0E /* XCRemoteSwiftPackageReference "WrappingHStack" */ = {
			isa = XCRemoteSwiftPackageReference;
			repositoryURL = "https://github.com/dkk/WrappingHStack";
			requirement = {
				branch = main;
				kind = branch;
			};
		};
/* End XCRemoteSwiftPackageReference section */

/* Begin XCSwiftPackageProductDependency section */
		251F853C287FD6AA000F64C4 /* iPhoneNumberField */ = {
			isa = XCSwiftPackageProductDependency;
			package = 251F853B287FD6AA000F64C4 /* XCRemoteSwiftPackageReference "iPhoneNumberField" */;
			productName = iPhoneNumberField;
		};
		253A747F2877E2540005D7E1 /* FirebaseAuth */ = {
			isa = XCSwiftPackageProductDependency;
			package = 253A747E2877E2540005D7E1 /* XCRemoteSwiftPackageReference "firebase-ios-sdk" */;
			productName = FirebaseAuth;
		};
		253A74812877E2540005D7E1 /* FirebaseFirestore */ = {
			isa = XCSwiftPackageProductDependency;
			package = 253A747E2877E2540005D7E1 /* XCRemoteSwiftPackageReference "firebase-ios-sdk" */;
			productName = FirebaseFirestore;
		};
		253A74832877E2540005D7E1 /* FirebaseStorage */ = {
			isa = XCSwiftPackageProductDependency;
			package = 253A747E2877E2540005D7E1 /* XCRemoteSwiftPackageReference "firebase-ios-sdk" */;
			productName = FirebaseStorage;
		};
		253A74B32877ED660005D7E1 /* WrappingHStack */ = {
			isa = XCSwiftPackageProductDependency;
			package = 253A74B22877ED660005D7E1 /* XCRemoteSwiftPackageReference "WrappingHStack" */;
			productName = WrappingHStack;
		};
		696D0ACE287B9A27008F4C34 /* ToastUI */ = {
			isa = XCSwiftPackageProductDependency;
			package = 696D0ACD287B9A24008F4C34 /* XCRemoteSwiftPackageReference "ToastUI" */;
			productName = ToastUI;
		};
		6993F01F28817959001BFE0E /* ToastUI */ = {
			isa = XCSwiftPackageProductDependency;
			package = 6993F01E28817959001BFE0E /* XCRemoteSwiftPackageReference "ToastUI" */;
			productName = ToastUI;
		};
		6993F02228817987001BFE0E /* WrappingHStack */ = {
			isa = XCSwiftPackageProductDependency;
			package = 6993F02128817987001BFE0E /* XCRemoteSwiftPackageReference "WrappingHStack" */;
			productName = WrappingHStack;
		};
/* End XCSwiftPackageProductDependency section */
	};
	rootObject = 253A74472877E1920005D7E1 /* Project object */;
}
